
Microsoft Visual Studio Solution File, Format Version 12.00
# Visual Studio Version 17
VisualStudioVersion = 17.0.31919.166
MinimumVisualStudioVersion = 10.0.40219.1
Project("{FAE04EC0-301F-11D3-BF4B-00C04F79EFBC}") = "Telegrambot", "Telegrambot\Telegrambot.csproj", "{5428404B-27C2-408F-892C-452BB78C7B72}"
EndProject
Global
	GlobalSection(SolutionConfigurationPlatforms) = preSolution
		Debug|Any CPU = Debug|Any CPU
		Release|Any CPU = Release|Any CPU
	EndGlobalSection
	GlobalSection(ProjectConfigurationPlatforms) = postSolution
		{5428404B-27C2-408F-892C-452BB78C7B72}.Debug|Any CPU.ActiveCfg = Debug|Any CPU
		{5428404B-27C2-408F-892C-452BB78C7B72}.Debug|Any CPU.Build.0 = Debug|Any CPU
		{5428404B-27C2-408F-892C-452BB78C7B72}.Release|Any CPU.ActiveCfg = Release|Any CPU
		{5428404B-27C2-408F-892C-452BB78C7B72}.Release|Any CPU.Build.0 = Release|Any CPU
	EndGlobalSection
	GlobalSection(SolutionProperties) = preSolution
		HideSolutionNode = FALSE
	EndGlobalSection
	GlobalSection(ExtensibilityGlobals) = postSolution
		SolutionGuid = {12D8BAFA-6751-4A37-BA93-2A01FDADA7D9}
	EndGlobalSection
EndGlobal
